
Microsoft Visual Studio Solution File, Format Version 12.00
# Visual Studio Version 17
VisualStudioVersion = 17.11.34929.205
MinimumVisualStudioVersion = 10.0.40219.1
Project("{9A19103F-16F7-4668-BE54-9A1E7A4F7556}") = "ClientUtilsProject", "ClientUtils\ClientUtilsProject.csproj", "{1A475170-95AC-4DE0-B5F1-CD2FE321B50C}"
EndProject
Project("{9A19103F-16F7-4668-BE54-9A1E7A4F7556}") = "UnitTests", "UnitTests\UnitTests.csproj", "{DF1ABD00-5190-4415-8FF7-F8193A6CA16F}"
EndProject
Project("{2150E333-8FDC-42A3-9474-1A3956D46DE8}") = "Tests", "Tests", "{3DBAEEAB-EFED-44C4-9C2E-74B9303B2B35}"
EndProject
Project("{9A19103F-16F7-4668-BE54-9A1E7A4F7556}") = "UITests.Android", "UITests.Android\UITests.Android.csproj", "{457560BB-13F6-4E6C-BDFD-E18207F35E2A}"
EndProject
Project("{2150E333-8FDC-42A3-9474-1A3956D46DE8}") = "Clients", "Clients", "{1A1639B0-E085-40CA-BFF4-FACEEA5C29CD}"
EndProject
Project("{2150E333-8FDC-42A3-9474-1A3956D46DE8}") = "Utils", "Utils", "{BBD3D391-083B-406F-A9F7-6312D5212E57}"
EndProject
Project("{9A19103F-16F7-4668-BE54-9A1E7A4F7556}") = "SportProject", "SportProject\SportProject.csproj", "{13080ABB-6377-4C5C-85F5-6D52F87EEBCF}"
EndProject
Global
	GlobalSection(SolutionConfigurationPlatforms) = preSolution
		Debug|Any CPU = Debug|Any CPU
		Debug|x64 = Debug|x64
		Release|Any CPU = Release|Any CPU
		Release|x64 = Release|x64
	EndGlobalSection
	GlobalSection(ProjectConfigurationPlatforms) = postSolution
		{1A475170-95AC-4DE0-B5F1-CD2FE321B50C}.Debug|Any CPU.ActiveCfg = Debug|Any CPU
		{1A475170-95AC-4DE0-B5F1-CD2FE321B50C}.Debug|Any CPU.Build.0 = Debug|Any CPU
		{1A475170-95AC-4DE0-B5F1-CD2FE321B50C}.Debug|x64.ActiveCfg = Debug|Any CPU
		{1A475170-95AC-4DE0-B5F1-CD2FE321B50C}.Debug|x64.Build.0 = Debug|Any CPU
		{1A475170-95AC-4DE0-B5F1-CD2FE321B50C}.Release|Any CPU.ActiveCfg = Release|Any CPU
		{1A475170-95AC-4DE0-B5F1-CD2FE321B50C}.Release|Any CPU.Build.0 = Release|Any CPU
		{1A475170-95AC-4DE0-B5F1-CD2FE321B50C}.Release|x64.ActiveCfg = Release|Any CPU
		{1A475170-95AC-4DE0-B5F1-CD2FE321B50C}.Release|x64.Build.0 = Release|Any CPU
		{DF1ABD00-5190-4415-8FF7-F8193A6CA16F}.Debug|Any CPU.ActiveCfg = Debug|Any CPU
		{DF1ABD00-5190-4415-8FF7-F8193A6CA16F}.Debug|Any CPU.Build.0 = Debug|Any CPU
		{DF1ABD00-5190-4415-8FF7-F8193A6CA16F}.Debug|x64.ActiveCfg = Debug|Any CPU
		{DF1ABD00-5190-4415-8FF7-F8193A6CA16F}.Debug|x64.Build.0 = Debug|Any CPU
		{DF1ABD00-5190-4415-8FF7-F8193A6CA16F}.Release|Any CPU.ActiveCfg = Release|Any CPU
		{DF1ABD00-5190-4415-8FF7-F8193A6CA16F}.Release|Any CPU.Build.0 = Release|Any CPU
		{DF1ABD00-5190-4415-8FF7-F8193A6CA16F}.Release|x64.ActiveCfg = Release|Any CPU
		{DF1ABD00-5190-4415-8FF7-F8193A6CA16F}.Release|x64.Build.0 = Release|Any CPU
		{457560BB-13F6-4E6C-BDFD-E18207F35E2A}.Debug|Any CPU.ActiveCfg = Debug|Any CPU
		{457560BB-13F6-4E6C-BDFD-E18207F35E2A}.Debug|Any CPU.Build.0 = Debug|Any CPU
		{457560BB-13F6-4E6C-BDFD-E18207F35E2A}.Debug|x64.ActiveCfg = Debug|Any CPU
		{457560BB-13F6-4E6C-BDFD-E18207F35E2A}.Debug|x64.Build.0 = Debug|Any CPU
		{457560BB-13F6-4E6C-BDFD-E18207F35E2A}.Release|Any CPU.ActiveCfg = Release|Any CPU
		{457560BB-13F6-4E6C-BDFD-E18207F35E2A}.Release|Any CPU.Build.0 = Release|Any CPU
		{457560BB-13F6-4E6C-BDFD-E18207F35E2A}.Release|x64.ActiveCfg = Release|Any CPU
		{1A1639B0-E085-40CA-BFF4-FACEEA5C29CD}.Debug|Any CPU.ActiveCfg = Debug|Any CPU
		{1A1639B0-E085-40CA-BFF4-FACEEA5C29CD}.Debug|Any CPU.Build.0 = Debug|Any CPU
		{1A1639B0-E085-40CA-BFF4-FACEEA5C29CD}.Debug|x64.ActiveCfg = Debug|Any CPU
		{1A1639B0-E085-40CA-BFF4-FACEEA5C29CD}.Debug|x64.Build.0 = Debug|Any CPU
		{1A1639B0-E085-40CA-BFF4-FACEEA5C29CD}.Release|Any CPU.ActiveCfg = Release|Any CPU
		{1A1639B0-E085-40CA-BFF4-FACEEA5C29CD}.Release|Any CPU.Build.0 = Release|Any CPU
		{1A1639B0-E085-40CA-BFF4-FACEEA5C29CD}.Release|x64.ActiveCfg = Release|Any CPU
		{1A1639B0-E085-40CA-BFF4-FACEEA5C29CD}.Release|x64.Build.0 = Release|Any CPU
		{13080ABB-6377-4C5C-85F5-6D52F87EEBCF}.Debug|Any CPU.ActiveCfg = Debug|Any CPU
		{13080ABB-6377-4C5C-85F5-6D52F87EEBCF}.Debug|Any CPU.Build.0 = Debug|Any CPU
		{13080ABB-6377-4C5C-85F5-6D52F87EEBCF}.Debug|Any CPU.Deploy.0 = Debug|Any CPU
		{13080ABB-6377-4C5C-85F5-6D52F87EEBCF}.Debug|x64.ActiveCfg = Debug|Any CPU
		{13080ABB-6377-4C5C-85F5-6D52F87EEBCF}.Debug|x64.Build.0 = Debug|Any CPU
		{13080ABB-6377-4C5C-85F5-6D52F87EEBCF}.Debug|x64.Deploy.0 = Debug|Any CPU
		{13080ABB-6377-4C5C-85F5-6D52F87EEBCF}.Release|Any CPU.ActiveCfg = Release|Any CPU
		{13080ABB-6377-4C5C-85F5-6D52F87EEBCF}.Release|Any CPU.Build.0 = Release|Any CPU
		{13080ABB-6377-4C5C-85F5-6D52F87EEBCF}.Release|Any CPU.Deploy.0 = Release|Any CPU
		{13080ABB-6377-4C5C-85F5-6D52F87EEBCF}.Release|x64.ActiveCfg = Release|Any CPU
		{13080ABB-6377-4C5C-85F5-6D52F87EEBCF}.Release|x64.Build.0 = Release|Any CPU
		{13080ABB-6377-4C5C-85F5-6D52F87EEBCF}.Release|x64.Deploy.0 = Release|Any CPU
	EndGlobalSection
	GlobalSection(SolutionProperties) = preSolution
		HideSolutionNode = FALSE
	EndGlobalSection
	GlobalSection(NestedProjects) = preSolution
		{1A475170-95AC-4DE0-B5F1-CD2FE321B50C} = {BBD3D391-083B-406F-A9F7-6312D5212E57}
		{DF1ABD00-5190-4415-8FF7-F8193A6CA16F} = {3DBAEEAB-EFED-44C4-9C2E-74B9303B2B35}
		{457560BB-13F6-4E6C-BDFD-E18207F35E2A} = {3DBAEEAB-EFED-44C4-9C2E-74B9303B2B35}
		{BBD3D391-083B-406F-A9F7-6312D5212E57} = {1A1639B0-E085-40CA-BFF4-FACEEA5C29CD}
		{13080ABB-6377-4C5C-85F5-6D52F87EEBCF} = {BBD3D391-083B-406F-A9F7-6312D5212E57}
	EndGlobalSection
	GlobalSection(ExtensibilityGlobals) = postSolution
		SolutionGuid = {774A5694-5A5A-489E-9C18-E1F027E101DD}
	EndGlobalSection
EndGlobal
