
Microsoft Visual Studio Solution File, Format Version 12.00
# Visual Studio Version 17
VisualStudioVersion = 17.11.34929.205
MinimumVisualStudioVersion = 10.0.40219.1
Project("{9A19103F-16F7-4668-BE54-9A1E7A4F7556}") = "WhoIsPerestroikan", "WhoIsPerestroikan\WhoIsPerestroikan.csproj", "{E08A6EDD-133E-465F-989C-1D7ACB95B540}"
EndProject
Project("{9A19103F-16F7-4668-BE54-9A1E7A4F7556}") = "Tools", "Tools\Tools.csproj", "{F6E2024B-CC66-46D4-A580-B30DA18EA43E}"
EndProject
Project("{9A19103F-16F7-4668-BE54-9A1E7A4F7556}") = "WIPWebApp", "PWA8\WIPWebApp.csproj", "{5CBDE28B-69C3-4A2C-8782-04A77DC29332}"
EndProject
Project("{9A19103F-16F7-4668-BE54-9A1E7A4F7556}") = "WIPClient", "WIPClient\WIPClient.csproj", "{F7E28467-E97C-438D-99A9-D6AD51EEDF0F}"
EndProject
Project("{9A19103F-16F7-4668-BE54-9A1E7A4F7556}") = "WIPClientVM", "WIPClientVM\WIPClientVM.csproj", "{1A475170-95AC-4DE0-B5F1-CD2FE321B50C}"
EndProject
Project("{9A19103F-16F7-4668-BE54-9A1E7A4F7556}") = "UnitTests", "WIPClientZTests2\UnitTests.csproj", "{DF1ABD00-5190-4415-8FF7-F8193A6CA16F}"
EndProject
Project("{2150E333-8FDC-42A3-9474-1A3956D46DE8}") = "Tests", "Tests", "{3DBAEEAB-EFED-44C4-9C2E-74B9303B2B35}"
EndProject
Project("{9A19103F-16F7-4668-BE54-9A1E7A4F7556}") = "ConsoleClient", "PWZConsole\ConsoleClient.csproj", "{BE16C3E3-FDFF-4723-869B-321D12851D53}"
EndProject
Global
	GlobalSection(SolutionConfigurationPlatforms) = preSolution
		Debug|Any CPU = Debug|Any CPU
		Release|Any CPU = Release|Any CPU
	EndGlobalSection
	GlobalSection(ProjectConfigurationPlatforms) = postSolution
		{E08A6EDD-133E-465F-989C-1D7ACB95B540}.Debug|Any CPU.ActiveCfg = Debug|Any CPU
		{E08A6EDD-133E-465F-989C-1D7ACB95B540}.Debug|Any CPU.Build.0 = Debug|Any CPU
		{E08A6EDD-133E-465F-989C-1D7ACB95B540}.Debug|Any CPU.Deploy.0 = Debug|Any CPU
		{E08A6EDD-133E-465F-989C-1D7ACB95B540}.Release|Any CPU.ActiveCfg = Release|Any CPU
		{E08A6EDD-133E-465F-989C-1D7ACB95B540}.Release|Any CPU.Build.0 = Release|Any CPU
		{E08A6EDD-133E-465F-989C-1D7ACB95B540}.Release|Any CPU.Deploy.0 = Release|Any CPU
		{F6E2024B-CC66-46D4-A580-B30DA18EA43E}.Debug|Any CPU.ActiveCfg = Debug|Any CPU
		{F6E2024B-CC66-46D4-A580-B30DA18EA43E}.Debug|Any CPU.Build.0 = Debug|Any CPU
		{F6E2024B-CC66-46D4-A580-B30DA18EA43E}.Release|Any CPU.ActiveCfg = Release|Any CPU
		{F6E2024B-CC66-46D4-A580-B30DA18EA43E}.Release|Any CPU.Build.0 = Release|Any CPU
		{5CBDE28B-69C3-4A2C-8782-04A77DC29332}.Debug|Any CPU.ActiveCfg = Debug|Any CPU
		{5CBDE28B-69C3-4A2C-8782-04A77DC29332}.Debug|Any CPU.Build.0 = Debug|Any CPU
		{5CBDE28B-69C3-4A2C-8782-04A77DC29332}.Release|Any CPU.ActiveCfg = Release|Any CPU
		{5CBDE28B-69C3-4A2C-8782-04A77DC29332}.Release|Any CPU.Build.0 = Release|Any CPU
		{F7E28467-E97C-438D-99A9-D6AD51EEDF0F}.Debug|Any CPU.ActiveCfg = Debug|Any CPU
		{F7E28467-E97C-438D-99A9-D6AD51EEDF0F}.Debug|Any CPU.Build.0 = Debug|Any CPU
		{F7E28467-E97C-438D-99A9-D6AD51EEDF0F}.Debug|Any CPU.Deploy.0 = Debug|Any CPU
		{F7E28467-E97C-438D-99A9-D6AD51EEDF0F}.Release|Any CPU.ActiveCfg = Release|Any CPU
		{F7E28467-E97C-438D-99A9-D6AD51EEDF0F}.Release|Any CPU.Build.0 = Release|Any CPU
		{F7E28467-E97C-438D-99A9-D6AD51EEDF0F}.Release|Any CPU.Deploy.0 = Release|Any CPU
		{1A475170-95AC-4DE0-B5F1-CD2FE321B50C}.Debug|Any CPU.ActiveCfg = Debug|Any CPU
		{1A475170-95AC-4DE0-B5F1-CD2FE321B50C}.Debug|Any CPU.Build.0 = Debug|Any CPU
		{1A475170-95AC-4DE0-B5F1-CD2FE321B50C}.Release|Any CPU.ActiveCfg = Release|Any CPU
		{1A475170-95AC-4DE0-B5F1-CD2FE321B50C}.Release|Any CPU.Build.0 = Release|Any CPU
		{DF1ABD00-5190-4415-8FF7-F8193A6CA16F}.Debug|Any CPU.ActiveCfg = Debug|Any CPU
		{DF1ABD00-5190-4415-8FF7-F8193A6CA16F}.Debug|Any CPU.Build.0 = Debug|Any CPU
		{DF1ABD00-5190-4415-8FF7-F8193A6CA16F}.Release|Any CPU.ActiveCfg = Release|Any CPU
		{DF1ABD00-5190-4415-8FF7-F8193A6CA16F}.Release|Any CPU.Build.0 = Release|Any CPU
		{BE16C3E3-FDFF-4723-869B-321D12851D53}.Debug|Any CPU.ActiveCfg = Debug|Any CPU
		{BE16C3E3-FDFF-4723-869B-321D12851D53}.Debug|Any CPU.Build.0 = Debug|Any CPU
		{BE16C3E3-FDFF-4723-869B-321D12851D53}.Release|Any CPU.ActiveCfg = Release|Any CPU
		{BE16C3E3-FDFF-4723-869B-321D12851D53}.Release|Any CPU.Build.0 = Release|Any CPU
	EndGlobalSection
	GlobalSection(SolutionProperties) = preSolution
		HideSolutionNode = FALSE
	EndGlobalSection
	GlobalSection(NestedProjects) = preSolution
		{DF1ABD00-5190-4415-8FF7-F8193A6CA16F} = {3DBAEEAB-EFED-44C4-9C2E-74B9303B2B35}
	EndGlobalSection
	GlobalSection(ExtensibilityGlobals) = postSolution
		SolutionGuid = {774A5694-5A5A-489E-9C18-E1F027E101DD}
	EndGlobalSection
EndGlobal
